{
  "name": "mini",
  "version": "1.0.0",
  "lockfileVersion": 2,
  "requires": true,
  "packages": {
    "": {
      "version": "1.0.0",
      "license": "ISC",
      "dependencies": {
        "@miniprogram-component-plus/col": "^1.0.0",
        "@miniprogram-component-plus/row": "^1.0.0",
        "miniprogram-sm-crypto": "^0.3.0",
        "weui-miniprogram": "^1.0.8"
      },
      "devDependencies": {}
    },
    "node_modules/@miniprogram-component-plus/col": {
      "version": "1.0.0",
      "resolved": "https://registry.npm.taobao.org/@miniprogram-component-plus/col/download/@miniprogram-component-plus/col-1.0.0.tgz",
      "integrity": "sha1-vecq4BKjmVO18FgBtSNbJZ7aTls="
    },
    "node_modules/@miniprogram-component-plus/row": {
      "version": "1.0.0",
      "resolved": "https://registry.npm.taobao.org/@miniprogram-component-plus/row/download/@miniprogram-component-plus/row-1.0.0.tgz",
      "integrity": "sha1-I2oQ8zZOsKHWMcc1yV2c1Oq1KxY="
    },
    "node_modules/jsbn": {
      "version": "1.1.0",
      "resolved": "https://registry.npm.taobao.org/jsbn/download/jsbn-1.1.0.tgz",
      "integrity": "sha1-sBMHyym2GKHtJux56RH4A8TaAEA="
    },
    "node_modules/miniprogram-sm-crypto": {
      "version": "0.3.0",
      "resolved": "https://registry.nlark.com/miniprogram-sm-crypto/download/miniprogram-sm-crypto-0.3.0.tgz",
      "integrity": "sha1-BP3hAze0gbHpDk6j/ltheZl1AKE=",
      "dependencies": {
        "jsbn": "^1.1.0"
      }
    },
    "node_modules/weui-miniprogram": {
      "version": "1.0.8",
      "resolved": "https://registry.npm.taobao.org/weui-miniprogram/download/weui-miniprogram-1.0.8.tgz",
      "integrity": "sha1-55F8R6XX6VGzBpTZOdCi5eAFsnQ="
    }
  },
  "dependencies": {
    "@miniprogram-component-plus/col": {
      "version": "1.0.0",
      "resolved": "https://registry.npm.taobao.org/@miniprogram-component-plus/col/download/@miniprogram-component-plus/col-1.0.0.tgz",
      "integrity": "sha1-vecq4BKjmVO18FgBtSNbJZ7aTls="
    },
    "@miniprogram-component-plus/row": {
      "version": "1.0.0",
      "resolved": "https://registry.npm.taobao.org/@miniprogram-component-plus/row/download/@miniprogram-component-plus/row-1.0.0.tgz",
      "integrity": "sha1-I2oQ8zZOsKHWMcc1yV2c1Oq1KxY="
    },
    "jsbn": {
      "version": "1.1.0",
      "resolved": "https://registry.npm.taobao.org/jsbn/download/jsbn-1.1.0.tgz",
      "integrity": "sha1-sBMHyym2GKHtJux56RH4A8TaAEA="
    },
    "miniprogram-sm-crypto": {
      "version": "0.3.0",
      "resolved": "https://registry.nlark.com/miniprogram-sm-crypto/download/miniprogram-sm-crypto-0.3.0.tgz",
      "integrity": "sha1-BP3hAze0gbHpDk6j/ltheZl1AKE=",
      "requires": {
        "jsbn": "^1.1.0"
      }
    },
    "weui-miniprogram": {
      "version": "1.0.8",
      "resolved": "https://registry.npm.taobao.org/weui-miniprogram/download/weui-miniprogram-1.0.8.tgz",
      "integrity": "sha1-55F8R6XX6VGzBpTZOdCi5eAFsnQ="
    }
  }
}
